github.com/woozymasta/bimime v0.2.1 h1:gbY66UZUg/PDa3GWXM7Gm0XRPixeTOSyQl780XWPN0k=
github.com/woozymasta/bimime v0.2.1/go.mod h1:Q/te6+k/nYGQCCRjor39jpi+UK+KnID9rgON9dw9Lt4=
github.com/woozymasta/lintkit v0.2.2 h1:ILTQ4sTf2UvTQ7567ROmv+4ZuJB+1VmKtikOWAP0tIU=
github.com/woozymasta/lintkit v0.2.2/go.mod h1:VKGsQVFUdIW9XYxHA3WJPHOKSGIGJ9O+S4vFb/nBd/k=
github.com/woozymasta/pathrules v0.1.2 h1:RXETYaAaADfyJEJkbMVUaVcmPkbtpALWwXClO6Ssvtc=
github.com/woozymasta/pathrules v0.1.2/go.mod h1:80PI6so6HaHEs1JKqYjI50NH/IUediJkdygKIfMbuIc=
github.com/woozymasta/tga v1.1.0 h1:b27gVnjgxYBaPO7Km+CtAHfH5AxAftwLuv1cIGdNZUw=
github.com/woozymasta/tga v1.1.0/go.mod h1:ZYVfkZqTKLr50FTUUF3Cl1FWuPwNg3d0lU29sJnaicY=
