github.com/woozymasta/bimime v0.2.0 h1:233A1LNBCHHTJwQWiRdohYs/kY210O+h5hTVOBoPNpE=
github.com/woozymasta/bimime v0.2.0/go.mod h1:Q/te6+k/nYGQCCRjor39jpi+UK+KnID9rgON9dw9Lt4=
github.com/woozymasta/tga v1.1.0 h1:b27gVnjgxYBaPO7Km+CtAHfH5AxAftwLuv1cIGdNZUw=
github.com/woozymasta/tga v1.1.0/go.mod h1:ZYVfkZqTKLr50FTUUF3Cl1FWuPwNg3d0lU29sJnaicY=
